
Microsoft Visual Studio Solution File, Format Version 12.00
# Visual Studio Version 16
VisualStudioVersion = 16.0.31702.278
MinimumVisualStudioVersion = 10.0.40219.1
Project("{9A19103F-16F7-4668-BE54-9A1E7A4F7556}") = "WebApplication1", "WebApplication1\WebApplication1.csproj", "{38DDDC44-87E2-469D-87CB-EB928D3A480B}"
EndProject
Project("{2150E333-8FDC-42A3-9474-1A3956D46DE8}") = "Solution Items", "Solution Items", "{BD1C004E-A088-4C5A-8E16-9214EF0D441F}"
	ProjectSection(SolutionItems) = preProject
		HTMLPage1.html = HTMLPage1.html
		HTMLPage2.html = HTMLPage2.html
		HTMLPage3.html = HTMLPage3.html
		StyleSheet1.css = StyleSheet1.css
		StyleSheet2.css = StyleSheet2.css
		StyleSheet3.css = StyleSheet3.css
	EndProjectSection
EndProject
Global
	GlobalSection(SolutionConfigurationPlatforms) = preSolution
		Debug|Any CPU = Debug|Any CPU
		Release|Any CPU = Release|Any CPU
	EndGlobalSection
	GlobalSection(ProjectConfigurationPlatforms) = postSolution
		{38DDDC44-87E2-469D-87CB-EB928D3A480B}.Debug|Any CPU.ActiveCfg = Debug|Any CPU
		{38DDDC44-87E2-469D-87CB-EB928D3A480B}.Debug|Any CPU.Build.0 = Debug|Any CPU
		{38DDDC44-87E2-469D-87CB-EB928D3A480B}.Release|Any CPU.ActiveCfg = Release|Any CPU
		{38DDDC44-87E2-469D-87CB-EB928D3A480B}.Release|Any CPU.Build.0 = Release|Any CPU
	EndGlobalSection
	GlobalSection(SolutionProperties) = preSolution
		HideSolutionNode = FALSE
	EndGlobalSection
	GlobalSection(ExtensibilityGlobals) = postSolution
		SolutionGuid = {3CC77717-5985-4945-B872-A1AC7AA0EF2A}
	EndGlobalSection
EndGlobal
